
Microsoft Visual Studio Solution File, Format Version 12.00
Project("{FAE04EC0-301F-11D3-BF4B-00C04F79EFBC}") = "PhantasyIslandPythonRemoteControl", "PhantasyIslandPythonRemoteControl.csproj", "{10BAAA9D-E107-48B8-9247-F632CB553406}"
EndProject
Global
	GlobalSection(SolutionConfigurationPlatforms) = preSolution
		Debug|Any CPU = Debug|Any CPU
		Release|Any CPU = Release|Any CPU
	EndGlobalSection
	GlobalSection(ProjectConfigurationPlatforms) = postSolution
		{10BAAA9D-E107-48B8-9247-F632CB553406}.Debug|Any CPU.ActiveCfg = Debug|Any CPU
		{10BAAA9D-E107-48B8-9247-F632CB553406}.Debug|Any CPU.Build.0 = Debug|Any CPU
		{10BAAA9D-E107-48B8-9247-F632CB553406}.Release|Any CPU.ActiveCfg = Release|Any CPU
		{10BAAA9D-E107-48B8-9247-F632CB553406}.Release|Any CPU.Build.0 = Release|Any CPU
	EndGlobalSection
EndGlobal
