# This file is generated by running "yarn install" inside your project.
# Manual changes might be lost - proceed with caution!

__metadata:
  version: 8
  cacheKey: 10c0

"@oven/bun-darwin-aarch64@npm:1.3.14":
  version: 1.3.14
  resolution: "@oven/bun-darwin-aarch64@npm:1.3.14"
  conditions: os=darwin & cpu=arm64
  languageName: node
  linkType: hard

"@oven/bun-darwin-x64-baseline@npm:1.3.14":
  version: 1.3.14
  resolution: "@oven/bun-darwin-x64-baseline@npm:1.3.14"
  conditions: os=darwin & cpu=x64
  languageName: node
  linkType: hard

"@oven/bun-darwin-x64@npm:1.3.14":
  version: 1.3.14
  resolution: "@oven/bun-darwin-x64@npm:1.3.14"
  conditions: os=darwin & cpu=x64
  languageName: node
  linkType: hard

"@oven/bun-freebsd-aarch64@npm:1.3.14":
  version: 1.3.14
  resolution: "@oven/bun-freebsd-aarch64@npm:1.3.14"
  conditions: os=freebsd & cpu=arm64
  languageName: node
  linkType: hard

"@oven/bun-freebsd-x64@npm:1.3.14":
  version: 1.3.14
  resolution: "@oven/bun-freebsd-x64@npm:1.3.14"
  conditions: os=freebsd & cpu=x64
  languageName: node
  linkType: hard

"@oven/bun-linux-aarch64-android@npm:1.3.14":
  version: 1.3.14
  resolution: "@oven/bun-linux-aarch64-android@npm:1.3.14"
  conditions: os=android & cpu=arm64
  languageName: node
  linkType: hard

"@oven/bun-linux-aarch64-musl@npm:1.3.14":
  version: 1.3.14
  resolution: "@oven/bun-linux-aarch64-musl@npm:1.3.14"
  conditions: os=linux & cpu=arm64
  languageName: node
  linkType: hard

"@oven/bun-linux-aarch64@npm:1.3.14":
  version: 1.3.14
  resolution: "@oven/bun-linux-aarch64@npm:1.3.14"
  conditions: os=linux & cpu=arm64
  languageName: node
  linkType: hard

"@oven/bun-linux-x64-android@npm:1.3.14":
  version: 1.3.14
  resolution: "@oven/bun-linux-x64-android@npm:1.3.14"
  conditions: os=android & cpu=x64
  languageName: node
  linkType: hard

"@oven/bun-linux-x64-baseline@npm:1.3.14":
  version: 1.3.14
  resolution: "@oven/bun-linux-x64-baseline@npm:1.3.14"
  conditions: os=linux & cpu=x64
  languageName: node
  linkType: hard

"@oven/bun-linux-x64-musl-baseline@npm:1.3.14":
  version: 1.3.14
  resolution: "@oven/bun-linux-x64-musl-baseline@npm:1.3.14"
  conditions: os=linux & cpu=x64
  languageName: node
  linkType: hard

"@oven/bun-linux-x64-musl@npm:1.3.14":
  version: 1.3.14
  resolution: "@oven/bun-linux-x64-musl@npm:1.3.14"
  conditions: os=linux & cpu=x64
  languageName: node
  linkType: hard

"@oven/bun-linux-x64@npm:1.3.14":
  version: 1.3.14
  resolution: "@oven/bun-linux-x64@npm:1.3.14"
  conditions: os=linux & cpu=x64
  languageName: node
  linkType: hard

"@oven/bun-windows-aarch64@npm:1.3.14":
  version: 1.3.14
  resolution: "@oven/bun-windows-aarch64@npm:1.3.14"
  conditions: os=win32 & cpu=arm64
  languageName: node
  linkType: hard

"@oven/bun-windows-x64-baseline@npm:1.3.14":
  version: 1.3.14
  resolution: "@oven/bun-windows-x64-baseline@npm:1.3.14"
  conditions: os=win32 & cpu=x64
  languageName: node
  linkType: hard

"@oven/bun-windows-x64@npm:1.3.14":
  version: 1.3.14
  resolution: "@oven/bun-windows-x64@npm:1.3.14"
  conditions: os=win32 & cpu=x64
  languageName: node
  linkType: hard

"@socket.io/component-emitter@npm:~3.1.0":
  version: 3.1.2
  resolution: "@socket.io/component-emitter@npm:3.1.2"
  checksum: 10c0/c4242bad66f67e6f7b712733d25b43cbb9e19a595c8701c3ad99cbeb5901555f78b095e24852f862fffb43e96f1d8552e62def885ca82ae1bb05da3668fd87d7
  languageName: node
  linkType: hard

"@types/bun@npm:^1":
  version: 1.3.14
  resolution: "@types/bun@npm:1.3.14"
  dependencies:
    bun-types: "npm:1.3.14"
  checksum: 10c0/5531e17062f48da00d7d1e70bae8252fb5b61f6d699505ace74e60a1cecbafd624cc9d1694500857f261822c00e75fcbad9269f91adee790d6240875d46bb3f9
  languageName: node
  linkType: hard

"@types/lodash@npm:^4":
  version: 4.17.24
  resolution: "@types/lodash@npm:4.17.24"
  checksum: 10c0/b72f60d4daacdad1fa643edb3faba204c02a01eb1ac00a83ff73496a6d236fc55e459c06106e8ced42277dba932d087d8fc090f8de4ef590d3f91e6d6f7ce85a
  languageName: node
  linkType: hard

"@types/node@npm:*":
  version: 25.9.1
  resolution: "@types/node@npm:25.9.1"
  dependencies:
    undici-types: "npm:>=7.24.0 <7.24.7"
  checksum: 10c0/9a04682842bebbcf21a1779dfeab9aa733d7bd7bbc0a0edb641ab3a9a3d43eac543225acf669c334f458f1956443ebc072bc3c72840c543b8b356cab5c82d456
  languageName: node
  linkType: hard

"@types/node@npm:^25.6.0":
  version: 25.6.0
  resolution: "@types/node@npm:25.6.0"
  dependencies:
    undici-types: "npm:~7.19.0"
  checksum: 10c0/d2d2015630ff098a201407f55f5077a20270ae4f465c739b40865cd9933b91b9c5d2b85568eadaf3db0801b91e267333ca7eb39f007428b173d1cdab4b339ac5
  languageName: node
  linkType: hard

"PhantasyIslandPythonRemoteControl@workspace:.":
  version: 0.0.0-use.local
  resolution: "PhantasyIslandPythonRemoteControl@workspace:."
  dependencies:
    "@types/bun": "npm:^1"
    "@types/lodash": "npm:^4"
    "@types/node": "npm:^25.6.0"
    bun: "npm:^1.3.14"
    json5: "npm:^2.2.3"
    lodash: "npm:^4.18.1"
    moment: "npm:^2.30.1"
    socket.io-client: "npm:^4.8.3"
    tsafe: "npm:^1.8.12"
    typebox: "npm:^1.1.38"
    typescript: "npm:^5.9.3"
    uuid: "npm:^14.0.0"
  languageName: unknown
  linkType: soft

"bun-types@npm:1.3.14":
  version: 1.3.14
  resolution: "bun-types@npm:1.3.14"
  dependencies:
    "@types/node": "npm:*"
  checksum: 10c0/5aef8b13d6a0c0f218b5995aa74148c6a2536639a94560bbc80ee1b50a6ce05f011c93052340c7bf3469b9705af70737ff9d5cd7eb8ebbd49dbb8f55ed3eaeaf
  languageName: node
  linkType: hard

"bun@npm:^1.3.14":
  version: 1.3.14
  resolution: "bun@npm:1.3.14"
  dependencies:
    "@oven/bun-darwin-aarch64": "npm:1.3.14"
    "@oven/bun-darwin-x64": "npm:1.3.14"
    "@oven/bun-darwin-x64-baseline": "npm:1.3.14"
    "@oven/bun-freebsd-aarch64": "npm:1.3.14"
    "@oven/bun-freebsd-x64": "npm:1.3.14"
    "@oven/bun-linux-aarch64": "npm:1.3.14"
    "@oven/bun-linux-aarch64-android": "npm:1.3.14"
    "@oven/bun-linux-aarch64-musl": "npm:1.3.14"
    "@oven/bun-linux-x64": "npm:1.3.14"
    "@oven/bun-linux-x64-android": "npm:1.3.14"
    "@oven/bun-linux-x64-baseline": "npm:1.3.14"
    "@oven/bun-linux-x64-musl": "npm:1.3.14"
    "@oven/bun-linux-x64-musl-baseline": "npm:1.3.14"
    "@oven/bun-windows-aarch64": "npm:1.3.14"
    "@oven/bun-windows-x64": "npm:1.3.14"
    "@oven/bun-windows-x64-baseline": "npm:1.3.14"
  dependenciesMeta:
    "@oven/bun-darwin-aarch64":
      optional: true
    "@oven/bun-darwin-x64":
      optional: true
    "@oven/bun-darwin-x64-baseline":
      optional: true
    "@oven/bun-freebsd-aarch64":
      optional: true
    "@oven/bun-freebsd-x64":
      optional: true
    "@oven/bun-linux-aarch64":
      optional: true
    "@oven/bun-linux-aarch64-android":
      optional: true
    "@oven/bun-linux-aarch64-musl":
      optional: true
    "@oven/bun-linux-x64":
      optional: true
    "@oven/bun-linux-x64-android":
      optional: true
    "@oven/bun-linux-x64-baseline":
      optional: true
    "@oven/bun-linux-x64-musl":
      optional: true
    "@oven/bun-linux-x64-musl-baseline":
      optional: true
    "@oven/bun-windows-aarch64":
      optional: true
    "@oven/bun-windows-x64":
      optional: true
    "@oven/bun-windows-x64-baseline":
      optional: true
  bin:
    bun: bin/bun.exe
    bunx: bin/bunx.exe
  checksum: 10c0/5b31f48ffccb95ade37e1d4eae75860ae4c76d711986928d6851f3b101539d6248167c4db7fee362d5e680c9015dc05d7b267f247e307d8e5fe4a839dc37d9d5
  conditions: (os=darwin | os=linux | os=android | os=freebsd | os=win32) & (cpu=arm64 | cpu=x64)
  languageName: node
  linkType: hard

"debug@npm:~4.4.1":
  version: 4.4.3
  resolution: "debug@npm:4.4.3"
  dependencies:
    ms: "npm:^2.1.3"
  peerDependenciesMeta:
    supports-color:
      optional: true
  checksum: 10c0/d79136ec6c83ecbefd0f6a5593da6a9c91ec4d7ddc4b54c883d6e71ec9accb5f67a1a5e96d00a328196b5b5c86d365e98d8a3a70856aaf16b4e7b1985e67f5a6
  languageName: node
  linkType: hard

"engine.io-client@npm:~6.6.1":
  version: 6.6.4
  resolution: "engine.io-client@npm:6.6.4"
  dependencies:
    "@socket.io/component-emitter": "npm:~3.1.0"
    debug: "npm:~4.4.1"
    engine.io-parser: "npm:~5.2.1"
    ws: "npm:~8.18.3"
    xmlhttprequest-ssl: "npm:~2.1.1"
  checksum: 10c0/d90bc32d614f67db9c198d1c26a787529f3038a7429c75e677f5495938cc45f9e89d435e8860bcfcc01db410e21d2f245b914f2fcbdb03ffd50d30f2aeec5143
  languageName: node
  linkType: hard

"engine.io-parser@npm:~5.2.1":
  version: 5.2.3
  resolution: "engine.io-parser@npm:5.2.3"
  checksum: 10c0/ed4900d8dbef470ab3839ccf3bfa79ee518ea8277c7f1f2759e8c22a48f64e687ea5e474291394d0c94f84054749fd93f3ef0acb51fa2f5f234cc9d9d8e7c536
  languageName: node
  linkType: hard

"json5@npm:^2.2.3":
  version: 2.2.3
  resolution: "json5@npm:2.2.3"
  bin:
    json5: lib/cli.js
  checksum: 10c0/5a04eed94810fa55c5ea138b2f7a5c12b97c3750bc63d11e511dcecbfef758003861522a070c2272764ee0f4e3e323862f386945aeb5b85b87ee43f084ba586c
  languageName: node
  linkType: hard

"lodash@npm:^4.18.1":
  version: 4.18.1
  resolution: "lodash@npm:4.18.1"
  checksum: 10c0/757228fc68805c59789e82185135cf85f05d0b2d3d54631d680ca79ec21944ec8314d4533639a14b8bcfbd97a517e78960933041a5af17ecb693ec6eecb99a27
  languageName: node
  linkType: hard

"moment@npm:^2.30.1":
  version: 2.30.1
  resolution: "moment@npm:2.30.1"
  checksum: 10c0/865e4279418c6de666fca7786607705fd0189d8a7b7624e2e56be99290ac846f90878a6f602e34b4e0455c549b85385b1baf9966845962b313699e7cb847543a
  languageName: node
  linkType: hard

"ms@npm:^2.1.3":
  version: 2.1.3
  resolution: "ms@npm:2.1.3"
  checksum: 10c0/d924b57e7312b3b63ad21fc5b3dc0af5e78d61a1fc7cfb5457edaf26326bf62be5307cc87ffb6862ef1c2b33b0233cdb5d4f01c4c958cc0d660948b65a287a48
  languageName: node
  linkType: hard

"socket.io-client@npm:^4.8.3":
  version: 4.8.3
  resolution: "socket.io-client@npm:4.8.3"
  dependencies:
    "@socket.io/component-emitter": "npm:~3.1.0"
    debug: "npm:~4.4.1"
    engine.io-client: "npm:~6.6.1"
    socket.io-parser: "npm:~4.2.4"
  checksum: 10c0/76c0d86de0b636d0bf5011cf3425212c900f43dac632db6eb493816920cd035af7ddd92fea9a106b45eb347405953c0414eb3a5d465b180215e46fc8b61420b3
  languageName: node
  linkType: hard

"socket.io-parser@npm:~4.2.4":
  version: 4.2.6
  resolution: "socket.io-parser@npm:4.2.6"
  dependencies:
    "@socket.io/component-emitter": "npm:~3.1.0"
    debug: "npm:~4.4.1"
  checksum: 10c0/ba0a0b541b0a8e9d02b45c04c4c93a02331be5ea3478073c65bb9ff87032f12469c9adb309728eb90c0a352618d645ab88999c167a11c783cac861d7fd35c9d1
  languageName: node
  linkType: hard

"tsafe@npm:^1.8.12":
  version: 1.8.12
  resolution: "tsafe@npm:1.8.12"
  checksum: 10c0/382b1e2eb8d92007a05bb137b1557839eb4770c944b2f1db767af4451e1f2b03aa7c2803867c634dfd557ebc887bdd9dcca98a3118921320c2cb4caa0bd68c2b
  languageName: node
  linkType: hard

"typebox@npm:^1.1.38":
  version: 1.1.38
  resolution: "typebox@npm:1.1.38"
  checksum: 10c0/b4a5996a25b9265e88335a75697630be82822fae5e7b1993d5eb52ac6b71e80fec924ffa1976269a05524a0954b3f9e6e52f380348ea6836f76920e556fa3ca1
  languageName: node
  linkType: hard

"typescript@npm:^5.9.3":
  version: 5.9.3
  resolution: "typescript@npm:5.9.3"
  bin:
    tsc: bin/tsc
    tsserver: bin/tsserver
  checksum: 10c0/6bd7552ce39f97e711db5aa048f6f9995b53f1c52f7d8667c1abdc1700c68a76a308f579cd309ce6b53646deb4e9a1be7c813a93baaf0a28ccd536a30270e1c5
  languageName: node
  linkType: hard

"typescript@patch:typescript@npm%3A^5.9.3#optional!builtin<compat/typescript>":
  version: 5.9.3
  resolution: "typescript@patch:typescript@npm%3A5.9.3#optional!builtin<compat/typescript>::version=5.9.3&hash=5786d5"
  bin:
    tsc: bin/tsc
    tsserver: bin/tsserver
  checksum: 10c0/ad09fdf7a756814dce65bc60c1657b40d44451346858eea230e10f2e95a289d9183b6e32e5c11e95acc0ccc214b4f36289dcad4bf1886b0adb84d711d336a430
  languageName: node
  linkType: hard

"undici-types@npm:>=7.24.0 <7.24.7":
  version: 7.24.6
  resolution: "undici-types@npm:7.24.6"
  checksum: 10c0/d9cd8befb643ac904615c280a095ba4240531f6bb4a5e75a22a7483630ca8d3f1016d2ab6ace6ceda1f63b3a2db2fe037fafe121d6917a0187573aa548ff78ca
  languageName: node
  linkType: hard

"undici-types@npm:~7.19.0":
  version: 7.19.2
  resolution: "undici-types@npm:7.19.2"
  checksum: 10c0/7159f10546f9f6c47d36776bb1bbf8671e87c1e587a6fee84ae1f111ae8de4f914efa8ca0dfcd224f4f4a9dfc3f6028f627ccb5ddaccf82d7fd54671b89fac3e
  languageName: node
  linkType: hard

"uuid@npm:^14.0.0":
  version: 14.0.0
  resolution: "uuid@npm:14.0.0"
  bin:
    uuid: dist-node/bin/uuid
  checksum: 10c0/a57ae7794c45005c1a9208989196c5baf79a7679c30f43c1bee9033a2c4d113a2cea216fa6fcc9663b08b0d55635df1a7c6eb7e7f3d21c3e50688c698fa39a50
  languageName: node
  linkType: hard

"ws@npm:~8.18.3":
  version: 8.18.3
  resolution: "ws@npm:8.18.3"
  peerDependencies:
    bufferutil: ^4.0.1
    utf-8-validate: ">=5.0.2"
  peerDependenciesMeta:
    bufferutil:
      optional: true
    utf-8-validate:
      optional: true
  checksum: 10c0/eac918213de265ef7cb3d4ca348b891a51a520d839aa51cdb8ca93d4fa7ff9f6ccb339ccee89e4075324097f0a55157c89fa3f7147bde9d8d7e90335dc087b53
  languageName: node
  linkType: hard

"xmlhttprequest-ssl@npm:~2.1.1":
  version: 2.1.2
  resolution: "xmlhttprequest-ssl@npm:2.1.2"
  checksum: 10c0/70d60869323e823f473a238f78fd108437edbc3690ecd5859c39c83217080090a18899b272e515769c0d1f518cc64cbed6b6995b23fdd7ba13b297d530b6e631
  languageName: node
  linkType: hard
