# This file is generated by running "yarn install" inside your project.
# Manual changes might be lost - proceed with caution!

__metadata:
  version: 8
  cacheKey: 10c0

"@socket.io/component-emitter@npm:~3.1.0":
  version: 3.1.2
  resolution: "@socket.io/component-emitter@npm:3.1.2"
  checksum: 10c0/c4242bad66f67e6f7b712733d25b43cbb9e19a595c8701c3ad99cbeb5901555f78b095e24852f862fffb43e96f1d8552e62def885ca82ae1bb05da3668fd87d7
  languageName: node
  linkType: hard

"@types/node@npm:^25.6.0":
  version: 25.6.0
  resolution: "@types/node@npm:25.6.0"
  dependencies:
    undici-types: "npm:~7.19.0"
  checksum: 10c0/d2d2015630ff098a201407f55f5077a20270ae4f465c739b40865cd9933b91b9c5d2b85568eadaf3db0801b91e267333ca7eb39f007428b173d1cdab4b339ac5
  languageName: node
  linkType: hard

"PhantasyIslandPythonRemoteControl@workspace:.":
  version: 0.0.0-use.local
  resolution: "PhantasyIslandPythonRemoteControl@workspace:."
  dependencies:
    "@types/node": "npm:^25.6.0"
    socket.io-client: "npm:^4.8.3"
    typescript: "npm:^5.9.3"
  languageName: unknown
  linkType: soft

"debug@npm:~4.4.1":
  version: 4.4.3
  resolution: "debug@npm:4.4.3"
  dependencies:
    ms: "npm:^2.1.3"
  peerDependenciesMeta:
    supports-color:
      optional: true
  checksum: 10c0/d79136ec6c83ecbefd0f6a5593da6a9c91ec4d7ddc4b54c883d6e71ec9accb5f67a1a5e96d00a328196b5b5c86d365e98d8a3a70856aaf16b4e7b1985e67f5a6
  languageName: node
  linkType: hard

"engine.io-client@npm:~6.6.1":
  version: 6.6.4
  resolution: "engine.io-client@npm:6.6.4"
  dependencies:
    "@socket.io/component-emitter": "npm:~3.1.0"
    debug: "npm:~4.4.1"
    engine.io-parser: "npm:~5.2.1"
    ws: "npm:~8.18.3"
    xmlhttprequest-ssl: "npm:~2.1.1"
  checksum: 10c0/d90bc32d614f67db9c198d1c26a787529f3038a7429c75e677f5495938cc45f9e89d435e8860bcfcc01db410e21d2f245b914f2fcbdb03ffd50d30f2aeec5143
  languageName: node
  linkType: hard

"engine.io-parser@npm:~5.2.1":
  version: 5.2.3
  resolution: "engine.io-parser@npm:5.2.3"
  checksum: 10c0/ed4900d8dbef470ab3839ccf3bfa79ee518ea8277c7f1f2759e8c22a48f64e687ea5e474291394d0c94f84054749fd93f3ef0acb51fa2f5f234cc9d9d8e7c536
  languageName: node
  linkType: hard

"ms@npm:^2.1.3":
  version: 2.1.3
  resolution: "ms@npm:2.1.3"
  checksum: 10c0/d924b57e7312b3b63ad21fc5b3dc0af5e78d61a1fc7cfb5457edaf26326bf62be5307cc87ffb6862ef1c2b33b0233cdb5d4f01c4c958cc0d660948b65a287a48
  languageName: node
  linkType: hard

"socket.io-client@npm:^4.8.3":
  version: 4.8.3
  resolution: "socket.io-client@npm:4.8.3"
  dependencies:
    "@socket.io/component-emitter": "npm:~3.1.0"
    debug: "npm:~4.4.1"
    engine.io-client: "npm:~6.6.1"
    socket.io-parser: "npm:~4.2.4"
  checksum: 10c0/76c0d86de0b636d0bf5011cf3425212c900f43dac632db6eb493816920cd035af7ddd92fea9a106b45eb347405953c0414eb3a5d465b180215e46fc8b61420b3
  languageName: node
  linkType: hard

"socket.io-parser@npm:~4.2.4":
  version: 4.2.6
  resolution: "socket.io-parser@npm:4.2.6"
  dependencies:
    "@socket.io/component-emitter": "npm:~3.1.0"
    debug: "npm:~4.4.1"
  checksum: 10c0/ba0a0b541b0a8e9d02b45c04c4c93a02331be5ea3478073c65bb9ff87032f12469c9adb309728eb90c0a352618d645ab88999c167a11c783cac861d7fd35c9d1
  languageName: node
  linkType: hard

"typescript@npm:^5.9.3":
  version: 5.9.3
  resolution: "typescript@npm:5.9.3"
  bin:
    tsc: bin/tsc
    tsserver: bin/tsserver
  checksum: 10c0/6bd7552ce39f97e711db5aa048f6f9995b53f1c52f7d8667c1abdc1700c68a76a308f579cd309ce6b53646deb4e9a1be7c813a93baaf0a28ccd536a30270e1c5
  languageName: node
  linkType: hard

"typescript@patch:typescript@npm%3A^5.9.3#optional!builtin<compat/typescript>":
  version: 5.9.3
  resolution: "typescript@patch:typescript@npm%3A5.9.3#optional!builtin<compat/typescript>::version=5.9.3&hash=5786d5"
  bin:
    tsc: bin/tsc
    tsserver: bin/tsserver
  checksum: 10c0/ad09fdf7a756814dce65bc60c1657b40d44451346858eea230e10f2e95a289d9183b6e32e5c11e95acc0ccc214b4f36289dcad4bf1886b0adb84d711d336a430
  languageName: node
  linkType: hard

"undici-types@npm:~7.19.0":
  version: 7.19.2
  resolution: "undici-types@npm:7.19.2"
  checksum: 10c0/7159f10546f9f6c47d36776bb1bbf8671e87c1e587a6fee84ae1f111ae8de4f914efa8ca0dfcd224f4f4a9dfc3f6028f627ccb5ddaccf82d7fd54671b89fac3e
  languageName: node
  linkType: hard

"ws@npm:~8.18.3":
  version: 8.18.3
  resolution: "ws@npm:8.18.3"
  peerDependencies:
    bufferutil: ^4.0.1
    utf-8-validate: ">=5.0.2"
  peerDependenciesMeta:
    bufferutil:
      optional: true
    utf-8-validate:
      optional: true
  checksum: 10c0/eac918213de265ef7cb3d4ca348b891a51a520d839aa51cdb8ca93d4fa7ff9f6ccb339ccee89e4075324097f0a55157c89fa3f7147bde9d8d7e90335dc087b53
  languageName: node
  linkType: hard

"xmlhttprequest-ssl@npm:~2.1.1":
  version: 2.1.2
  resolution: "xmlhttprequest-ssl@npm:2.1.2"
  checksum: 10c0/70d60869323e823f473a238f78fd108437edbc3690ecd5859c39c83217080090a18899b272e515769c0d1f518cc64cbed6b6995b23fdd7ba13b297d530b6e631
  languageName: node
  linkType: hard
